
Microsoft Visual Studio Solution File, Format Version 12.00
# Visual Studio Version 16
VisualStudioVersion = 16.0.32602.291
MinimumVisualStudioVersion = 10.0.40219.1
Project("{FAE04EC0-301F-11D3-BF4B-00C04F79EFBC}") = "BookStore", "BookStore\BookStore.csproj", "{1FD995AC-7D41-4034-8A98-6D86A65C8773}"
EndProject
Project("{FAE04EC0-301F-11D3-BF4B-00C04F79EFBC}") = "BookStore.Models", "BookStore.Models\BookStore.Models.csproj", "{3CAFEA40-3E41-460C-81D9-B027B1A7D656}"
EndProject
Project("{FAE04EC0-301F-11D3-BF4B-00C04F79EFBC}") = "BookStore.Respositary", "BookStore.Respositary\BookStore.Respositary.csproj", "{90A89D7A-027A-428F-8805-6195DE5825E2}"
EndProject
Global
	GlobalSection(SolutionConfigurationPlatforms) = preSolution
		Debug|Any CPU = Debug|Any CPU
		Release|Any CPU = Release|Any CPU
	EndGlobalSection
	GlobalSection(ProjectConfigurationPlatforms) = postSolution
		{1FD995AC-7D41-4034-8A98-6D86A65C8773}.Debug|Any CPU.ActiveCfg = Debug|Any CPU
		{1FD995AC-7D41-4034-8A98-6D86A65C8773}.Debug|Any CPU.Build.0 = Debug|Any CPU
		{1FD995AC-7D41-4034-8A98-6D86A65C8773}.Release|Any CPU.ActiveCfg = Release|Any CPU
		{1FD995AC-7D41-4034-8A98-6D86A65C8773}.Release|Any CPU.Build.0 = Release|Any CPU
		{3CAFEA40-3E41-460C-81D9-B027B1A7D656}.Debug|Any CPU.ActiveCfg = Debug|Any CPU
		{3CAFEA40-3E41-460C-81D9-B027B1A7D656}.Debug|Any CPU.Build.0 = Debug|Any CPU
		{3CAFEA40-3E41-460C-81D9-B027B1A7D656}.Release|Any CPU.ActiveCfg = Release|Any CPU
		{3CAFEA40-3E41-460C-81D9-B027B1A7D656}.Release|Any CPU.Build.0 = Release|Any CPU
		{90A89D7A-027A-428F-8805-6195DE5825E2}.Debug|Any CPU.ActiveCfg = Debug|Any CPU
		{90A89D7A-027A-428F-8805-6195DE5825E2}.Debug|Any CPU.Build.0 = Debug|Any CPU
		{90A89D7A-027A-428F-8805-6195DE5825E2}.Release|Any CPU.ActiveCfg = Release|Any CPU
		{90A89D7A-027A-428F-8805-6195DE5825E2}.Release|Any CPU.Build.0 = Release|Any CPU
	EndGlobalSection
	GlobalSection(SolutionProperties) = preSolution
		HideSolutionNode = FALSE
	EndGlobalSection
	GlobalSection(ExtensibilityGlobals) = postSolution
		SolutionGuid = {211E5A6C-D56F-4F71-8F61-776F892C38B2}
	EndGlobalSection
EndGlobal
